// !$*UTF8*$!
{
	archiveVersion = 1;
	classes = {
	};
	objectVersion = 51;
	objects = {

/* Begin PBXBuildFile section */
		F67100DB2B7F90CE99BFF118 /* Pods_PhoneBookApp.framework in Frameworks */ = {isa = PBXBuildFile; fileRef = F2AB4A0BCD61B2626AB18EF0 /* Pods_PhoneBookApp.framework */; };
		FACD1D19266E82B700E41876 /* UIViewController+Ext.swift in Sources */ = {isa = PBXBuildFile; fileRef = FACD1D18266E82B700E41876 /* UIViewController+Ext.swift */; };
		FACD1D1C266EB27900E41876 /* NotesCell.swift in Sources */ = {isa = PBXBuildFile; fileRef = FACD1D1B266EB27900E41876 /* NotesCell.swift */; };
		FD39FE322678AB2E00A16955 /* AddNoteVC.swift in Sources */ = {isa = PBXBuildFile; fileRef = FD39FE312678AB2E00A16955 /* AddNoteVC.swift */; };
		FD39FE352678AC8300A16955 /* Notes.swift in Sources */ = {isa = PBXBuildFile; fileRef = FD39FE342678AC8300A16955 /* Notes.swift */; };
		FD701FE72679E9BA00E5D7E2 /* String+Ext.swift in Sources */ = {isa = PBXBuildFile; fileRef = FD701FE62679E9BA00E5D7E2 /* String+Ext.swift */; };
		FD855E6F266D440400FC4DEB /* ContactsViewCell.swift in Sources */ = {isa = PBXBuildFile; fileRef = FD855E6E266D440400FC4DEB /* ContactsViewCell.swift */; };
		FD855E73266D716200FC4DEB /* Contacts.swift in Sources */ = {isa = PBXBuildFile; fileRef = FD855E72266D716200FC4DEB /* Contacts.swift */; };
		FDC2DD61266B9968002F1FA3 /* AppDelegate.swift in Sources */ = {isa = PBXBuildFile; fileRef = FDC2DD60266B9968002F1FA3 /* AppDelegate.swift */; };
		FDC2DD63266B9968002F1FA3 /* SceneDelegate.swift in Sources */ = {isa = PBXBuildFile; fileRef = FDC2DD62266B9968002F1FA3 /* SceneDelegate.swift */; };
		FDC2DD65266B9968002F1FA3 /* SignUPVC.swift in Sources */ = {isa = PBXBuildFile; fileRef = FDC2DD64266B9968002F1FA3 /* SignUPVC.swift */; };
		FDC2DD68266B9968002F1FA3 /* Main.storyboard in Resources */ = {isa = PBXBuildFile; fileRef = FDC2DD66266B9968002F1FA3 /* Main.storyboard */; };
		FDC2DD6A266B9969002F1FA3 /* Assets.xcassets in Resources */ = {isa = PBXBuildFile; fileRef = FDC2DD69266B9969002F1FA3 /* Assets.xcassets */; };
		FDC2DD6D266B9969002F1FA3 /* LaunchScreen.storyboard in Resources */ = {isa = PBXBuildFile; fileRef = FDC2DD6B266B9969002F1FA3 /* LaunchScreen.storyboard */; };
		FDC2DD78266BB9E6002F1FA3 /* UITextField+Ext.swift in Sources */ = {isa = PBXBuildFile; fileRef = FDC2DD77266BB9E6002F1FA3 /* UITextField+Ext.swift */; };
		FDC2DD7C266BCE31002F1FA3 /* GoogleService-Info.plist in Resources */ = {isa = PBXBuildFile; fileRef = FDC2DD7B266BCE31002F1FA3 /* GoogleService-Info.plist */; };
		FDC2DDC2266BFAD2002F1FA3 /* SignINVC.swift in Sources */ = {isa = PBXBuildFile; fileRef = FDC2DDC1266BFAD2002F1FA3 /* SignINVC.swift */; };
		FDC2DDDD266C002E002F1FA3 /* ContactsVC.swift in Sources */ = {isa = PBXBuildFile; fileRef = FDC2DDDC266C002E002F1FA3 /* ContactsVC.swift */; };
		FDC2DDE0266C0042002F1FA3 /* NotesVC.swift in Sources */ = {isa = PBXBuildFile; fileRef = FDC2DDDF266C0042002F1FA3 /* NotesVC.swift */; };
		FDC2DDFC266C1DFC002F1FA3 /* AddContactVC.swift in Sources */ = {isa = PBXBuildFile; fileRef = FDC2DDFB266C1DFC002F1FA3 /* AddContactVC.swift */; };
		FDC2DE00266C2124002F1FA3 /* UIImageView+Ext.swift in Sources */ = {isa = PBXBuildFile; fileRef = FDC2DDFF266C2124002F1FA3 /* UIImageView+Ext.swift */; };
/* End PBXBuildFile section */

/* Begin PBXFileReference section */
		164711F85E7E8C6C87DBAAFC /* Pods-PhoneBookApp.debug.xcconfig */ = {isa = PBXFileReference; includeInIndex = 1; lastKnownFileType = text.xcconfig; name = "Pods-PhoneBookApp.debug.xcconfig"; path = "Target Support Files/Pods-PhoneBookApp/Pods-PhoneBookApp.debug.xcconfig"; sourceTree = "<group>"; };
		B7D46675A5270D9AF0CD72E0 /* Pods-PhoneBookApp.release.xcconfig */ = {isa = PBXFileReference; includeInIndex = 1; lastKnownFileType = text.xcconfig; name = "Pods-PhoneBookApp.release.xcconfig"; path = "Target Support Files/Pods-PhoneBookApp/Pods-PhoneBookApp.release.xcconfig"; sourceTree = "<group>"; };
		F2AB4A0BCD61B2626AB18EF0 /* Pods_PhoneBookApp.framework */ = {isa = PBXFileReference; explicitFileType = wrapper.framework; includeInIndex = 0; path = Pods_PhoneBookApp.framework; sourceTree = BUILT_PRODUCTS_DIR; };
		FACD1D18266E82B700E41876 /* UIViewController+Ext.swift */ = {isa = PBXFileReference; fileEncoding = 4; lastKnownFileType = sourcecode.swift; path = "UIViewController+Ext.swift"; sourceTree = "<group>"; };
		FACD1D1B266EB27900E41876 /* NotesCell.swift */ = {isa = PBXFileReference; lastKnownFileType = sourcecode.swift; path = NotesCell.swift; sourceTree = "<group>"; };
		FD39FE312678AB2E00A16955 /* AddNoteVC.swift */ = {isa = PBXFileReference; lastKnownFileType = sourcecode.swift; path = AddNoteVC.swift; sourceTree = "<group>"; };
		FD39FE342678AC8300A16955 /* Notes.swift */ = {isa = PBXFileReference; lastKnownFileType = sourcecode.swift; path = Notes.swift; sourceTree = "<group>"; };
		FD701FE62679E9BA00E5D7E2 /* String+Ext.swift */ = {isa = PBXFileReference; lastKnownFileType = sourcecode.swift; path = "String+Ext.swift"; sourceTree = "<group>"; };
		FD855E6E266D440400FC4DEB /* ContactsViewCell.swift */ = {isa = PBXFileReference; lastKnownFileType = sourcecode.swift; path = ContactsViewCell.swift; sourceTree = "<group>"; };
		FD855E72266D716200FC4DEB /* Contacts.swift */ = {isa = PBXFileReference; lastKnownFileType = sourcecode.swift; path = Contacts.swift; sourceTree = "<group>"; };
		FDC2DD5D266B9968002F1FA3 /* PhoneBookApp.app */ = {isa = PBXFileReference; explicitFileType = wrapper.application; includeInIndex = 0; path = PhoneBookApp.app; sourceTree = BUILT_PRODUCTS_DIR; };
		FDC2DD60266B9968002F1FA3 /* AppDelegate.swift */ = {isa = PBXFileReference; lastKnownFileType = sourcecode.swift; path = AppDelegate.swift; sourceTree = "<group>"; };
		FDC2DD62266B9968002F1FA3 /* SceneDelegate.swift */ = {isa = PBXFileReference; lastKnownFileType = sourcecode.swift; path = SceneDelegate.swift; sourceTree = "<group>"; };
		FDC2DD64266B9968002F1FA3 /* SignUPVC.swift */ = {isa = PBXFileReference; lastKnownFileType = sourcecode.swift; path = SignUPVC.swift; sourceTree = "<group>"; };
		FDC2DD67266B9968002F1FA3 /* Base */ = {isa = PBXFileReference; lastKnownFileType = file.storyboard; name = Base; path = Base.lproj/Main.storyboard; sourceTree = "<group>"; };
		FDC2DD69266B9969002F1FA3 /* Assets.xcassets */ = {isa = PBXFileReference; lastKnownFileType = folder.assetcatalog; path = Assets.xcassets; sourceTree = "<group>"; };
		FDC2DD6C266B9969002F1FA3 /* Base */ = {isa = PBXFileReference; lastKnownFileType = file.storyboard; name = Base; path = Base.lproj/LaunchScreen.storyboard; sourceTree = "<group>"; };
		FDC2DD6E266B9969002F1FA3 /* Info.plist */ = {isa = PBXFileReference; lastKnownFileType = text.plist.xml; path = Info.plist; sourceTree = "<group>"; };
		FDC2DD77266BB9E6002F1FA3 /* UITextField+Ext.swift */ = {isa = PBXFileReference; lastKnownFileType = sourcecode.swift; path = "UITextField+Ext.swift"; sourceTree = "<group>"; };
		FDC2DD7B266BCE31002F1FA3 /* GoogleService-Info.plist */ = {isa = PBXFileReference; fileEncoding = 4; lastKnownFileType = text.plist.xml; path = "GoogleService-Info.plist"; sourceTree = "<group>"; };
		FDC2DDC1266BFAD2002F1FA3 /* SignINVC.swift */ = {isa = PBXFileReference; lastKnownFileType = sourcecode.swift; path = SignINVC.swift; sourceTree = "<group>"; };
		FDC2DDDC266C002E002F1FA3 /* ContactsVC.swift */ = {isa = PBXFileReference; lastKnownFileType = sourcecode.swift; path = ContactsVC.swift; sourceTree = "<group>"; };
		FDC2DDDF266C0042002F1FA3 /* NotesVC.swift */ = {isa = PBXFileReference; lastKnownFileType = sourcecode.swift; path = NotesVC.swift; sourceTree = "<group>"; };
		FDC2DDFB266C1DFC002F1FA3 /* AddContactVC.swift */ = {isa = PBXFileReference; lastKnownFileType = sourcecode.swift; path = AddContactVC.swift; sourceTree = "<group>"; };
		FDC2DDFF266C2124002F1FA3 /* UIImageView+Ext.swift */ = {isa = PBXFileReference; lastKnownFileType = sourcecode.swift; path = "UIImageView+Ext.swift"; sourceTree = "<group>"; };
/* End PBXFileReference section */

/* Begin PBXFrameworksBuildPhase section */
		FDC2DD5A266B9968002F1FA3 /* Frameworks */ = {
			isa = PBXFrameworksBuildPhase;
			buildActionMask = 2147483647;
			files = (
				F67100DB2B7F90CE99BFF118 /* Pods_PhoneBookApp.framework in Frameworks */,
			);
			runOnlyForDeploymentPostprocessing = 0;
		};
/* End PBXFrameworksBuildPhase section */

/* Begin PBXGroup section */
		C5EC8454E3735A9F02AC9C0E /* Frameworks */ = {
			isa = PBXGroup;
			children = (
				F2AB4A0BCD61B2626AB18EF0 /* Pods_PhoneBookApp.framework */,
			);
			name = Frameworks;
			sourceTree = "<group>";
		};
		D2718AEA73C055EC00E1AE64 /* Pods */ = {
			isa = PBXGroup;
			children = (
				164711F85E7E8C6C87DBAAFC /* Pods-PhoneBookApp.debug.xcconfig */,
				B7D46675A5270D9AF0CD72E0 /* Pods-PhoneBookApp.release.xcconfig */,
			);
			path = Pods;
			sourceTree = "<group>";
		};
		FD855E6D266D43E000FC4DEB /* Views */ = {
			isa = PBXGroup;
			children = (
				FD855E6E266D440400FC4DEB /* ContactsViewCell.swift */,
				FACD1D1B266EB27900E41876 /* NotesCell.swift */,
			);
			path = Views;
			sourceTree = "<group>";
		};
		FD855E71266D715300FC4DEB /* Model */ = {
			isa = PBXGroup;
			children = (
				FD855E72266D716200FC4DEB /* Contacts.swift */,
				FD39FE342678AC8300A16955 /* Notes.swift */,
			);
			path = Model;
			sourceTree = "<group>";
		};
		FDC2DD54266B9968002F1FA3 = {
			isa = PBXGroup;
			children = (
				FDC2DD5F266B9968002F1FA3 /* PhoneBookApp */,
				FDC2DD5E266B9968002F1FA3 /* Products */,
				D2718AEA73C055EC00E1AE64 /* Pods */,
				C5EC8454E3735A9F02AC9C0E /* Frameworks */,
			);
			sourceTree = "<group>";
		};
		FDC2DD5E266B9968002F1FA3 /* Products */ = {
			isa = PBXGroup;
			children = (
				FDC2DD5D266B9968002F1FA3 /* PhoneBookApp.app */,
			);
			name = Products;
			sourceTree = "<group>";
		};
		FDC2DD5F266B9968002F1FA3 /* PhoneBookApp */ = {
			isa = PBXGroup;
			children = (
				FD855E71266D715300FC4DEB /* Model */,
				FD855E6D266D43E000FC4DEB /* Views */,
				FDC2DDE3266C005E002F1FA3 /* ViewControllers */,
				FDC2DD75266BB9AA002F1FA3 /* Extensions */,
				FDC2DD60266B9968002F1FA3 /* AppDelegate.swift */,
				FDC2DD62266B9968002F1FA3 /* SceneDelegate.swift */,
				FDC2DD66266B9968002F1FA3 /* Main.storyboard */,
				FDC2DD69266B9969002F1FA3 /* Assets.xcassets */,
				FDC2DD6B266B9969002F1FA3 /* LaunchScreen.storyboard */,
				FDC2DD6E266B9969002F1FA3 /* Info.plist */,
				FDC2DD7B266BCE31002F1FA3 /* GoogleService-Info.plist */,
			);
			path = PhoneBookApp;
			sourceTree = "<group>";
		};
		FDC2DD75266BB9AA002F1FA3 /* Extensions */ = {
			isa = PBXGroup;
			children = (
				FACD1D18266E82B700E41876 /* UIViewController+Ext.swift */,
				FDC2DD77266BB9E6002F1FA3 /* UITextField+Ext.swift */,
				FDC2DDFF266C2124002F1FA3 /* UIImageView+Ext.swift */,
				FD701FE62679E9BA00E5D7E2 /* String+Ext.swift */,
			);
			path = Extensions;
			sourceTree = "<group>";
		};
		FDC2DDE3266C005E002F1FA3 /* ViewControllers */ = {
			isa = PBXGroup;
			children = (
				FDC2DD64266B9968002F1FA3 /* SignUPVC.swift */,
				FDC2DDC1266BFAD2002F1FA3 /* SignINVC.swift */,
				FDC2DDDC266C002E002F1FA3 /* ContactsVC.swift */,
				FDC2DDDF266C0042002F1FA3 /* NotesVC.swift */,
				FDC2DDFB266C1DFC002F1FA3 /* AddContactVC.swift */,
				FD39FE312678AB2E00A16955 /* AddNoteVC.swift */,
			);
			path = ViewControllers;
			sourceTree = "<group>";
		};
/* End PBXGroup section */

/* Begin PBXNativeTarget section */
		FDC2DD5C266B9968002F1FA3 /* PhoneBookApp */ = {
			isa = PBXNativeTarget;
			buildConfigurationList = FDC2DD71266B9969002F1FA3 /* Build configuration list for PBXNativeTarget "PhoneBookApp" */;
			buildPhases = (
				B9FBDAE3E1B052CEC6009CE7 /* [CP] Check Pods Manifest.lock */,
				FDC2DD59266B9968002F1FA3 /* Sources */,
				FDC2DD5A266B9968002F1FA3 /* Frameworks */,
				FDC2DD5B266B9968002F1FA3 /* Resources */,
				BC47F1C0612BBB8BCB22CD2C /* [CP] Embed Pods Frameworks */,
			);
			buildRules = (
			);
			dependencies = (
			);
			name = PhoneBookApp;
			productName = PhoneBookApp;
			productReference = FDC2DD5D266B9968002F1FA3 /* PhoneBookApp.app */;
			productType = "com.apple.product-type.application";
		};
/* End PBXNativeTarget section */

/* Begin PBXProject section */
		FDC2DD55266B9968002F1FA3 /* Project object */ = {
			isa = PBXProject;
			attributes = {
				LastSwiftUpdateCheck = 1240;
				LastUpgradeCheck = 1240;
				TargetAttributes = {
					FDC2DD5C266B9968002F1FA3 = {
						CreatedOnToolsVersion = 12.4;
					};
				};
			};
			buildConfigurationList = FDC2DD58266B9968002F1FA3 /* Build configuration list for PBXProject "PhoneBookApp" */;
			compatibilityVersion = "Xcode 9.3";
			developmentRegion = en;
			hasScannedForEncodings = 0;
			knownRegions = (
				en,
				Base,
			);
			mainGroup = FDC2DD54266B9968002F1FA3;
			productRefGroup = FDC2DD5E266B9968002F1FA3 /* Products */;
			projectDirPath = "";
			projectRoot = "";
			targets = (
				FDC2DD5C266B9968002F1FA3 /* PhoneBookApp */,
			);
		};
/* End PBXProject section */

/* Begin PBXResourcesBuildPhase section */
		FDC2DD5B266B9968002F1FA3 /* Resources */ = {
			isa = PBXResourcesBuildPhase;
			buildActionMask = 2147483647;
			files = (
				FDC2DD6D266B9969002F1FA3 /* LaunchScreen.storyboard in Resources */,
				FDC2DD7C266BCE31002F1FA3 /* GoogleService-Info.plist in Resources */,
				FDC2DD6A266B9969002F1FA3 /* Assets.xcassets in Resources */,
				FDC2DD68266B9968002F1FA3 /* Main.storyboard in Resources */,
			);
			runOnlyForDeploymentPostprocessing = 0;
		};
/* End PBXResourcesBuildPhase section */

/* Begin PBXShellScriptBuildPhase section */
		B9FBDAE3E1B052CEC6009CE7 /* [CP] Check Pods Manifest.lock */ = {
			isa = PBXShellScriptBuildPhase;
			buildActionMask = 2147483647;
			files = (
			);
			inputFileListPaths = (
			);
			inputPaths = (
				"${PODS_PODFILE_DIR_PATH}/Podfile.lock",
				"${PODS_ROOT}/Manifest.lock",
			);
			name = "[CP] Check Pods Manifest.lock";
			outputFileListPaths = (
			);
			outputPaths = (
				"$(DERIVED_FILE_DIR)/Pods-PhoneBookApp-checkManifestLockResult.txt",
			);
			runOnlyForDeploymentPostprocessing = 0;
			shellPath = /bin/sh;
			shellScript = "diff \"${PODS_PODFILE_DIR_PATH}/Podfile.lock\" \"${PODS_ROOT}/Manifest.lock\" > /dev/null\nif [ $? != 0 ] ; then\n    # print error to STDERR\n    echo \"error: The sandbox is not in sync with the Podfile.lock. Run 'pod install' or update your CocoaPods installation.\" >&2\n    exit 1\nfi\n# This output is used by Xcode 'outputs' to avoid re-running this script phase.\necho \"SUCCESS\" > \"${SCRIPT_OUTPUT_FILE_0}\"\n";
			showEnvVarsInLog = 0;
		};
		BC47F1C0612BBB8BCB22CD2C /* [CP] Embed Pods Frameworks */ = {
			isa = PBXShellScriptBuildPhase;
			buildActionMask = 2147483647;
			files = (
			);
			inputFileListPaths = (
				"${PODS_ROOT}/Target Support Files/Pods-PhoneBookApp/Pods-PhoneBookApp-frameworks-${CONFIGURATION}-input-files.xcfilelist",
			);
			name = "[CP] Embed Pods Frameworks";
			outputFileListPaths = (
				"${PODS_ROOT}/Target Support Files/Pods-PhoneBookApp/Pods-PhoneBookApp-frameworks-${CONFIGURATION}-output-files.xcfilelist",
			);
			runOnlyForDeploymentPostprocessing = 0;
			shellPath = /bin/sh;
			shellScript = "\"${PODS_ROOT}/Target Support Files/Pods-PhoneBookApp/Pods-PhoneBookApp-frameworks.sh\"\n";
			showEnvVarsInLog = 0;
		};
/* End PBXShellScriptBuildPhase section */

/* Begin PBXSourcesBuildPhase section */
		FDC2DD59266B9968002F1FA3 /* Sources */ = {
			isa = PBXSourcesBuildPhase;
			buildActionMask = 2147483647;
			files = (
				FDC2DD65266B9968002F1FA3 /* SignUPVC.swift in Sources */,
				FACD1D1C266EB27900E41876 /* NotesCell.swift in Sources */,
				FDC2DD61266B9968002F1FA3 /* AppDelegate.swift in Sources */,
				FACD1D19266E82B700E41876 /* UIViewController+Ext.swift in Sources */,
				FDC2DD63266B9968002F1FA3 /* SceneDelegate.swift in Sources */,
				FD855E6F266D440400FC4DEB /* ContactsViewCell.swift in Sources */,
				FD39FE322678AB2E00A16955 /* AddNoteVC.swift in Sources */,
				FDC2DE00266C2124002F1FA3 /* UIImageView+Ext.swift in Sources */,
				FDC2DDFC266C1DFC002F1FA3 /* AddContactVC.swift in Sources */,
				FD855E73266D716200FC4DEB /* Contacts.swift in Sources */,
				FDC2DDC2266BFAD2002F1FA3 /* SignINVC.swift in Sources */,
				FD39FE352678AC8300A16955 /* Notes.swift in Sources */,
				FDC2DD78266BB9E6002F1FA3 /* UITextField+Ext.swift in Sources */,
				FDC2DDE0266C0042002F1FA3 /* NotesVC.swift in Sources */,
				FD701FE72679E9BA00E5D7E2 /* String+Ext.swift in Sources */,
				FDC2DDDD266C002E002F1FA3 /* ContactsVC.swift in Sources */,
			);
			runOnlyForDeploymentPostprocessing = 0;
		};
/* End PBXSourcesBuildPhase section */

/* Begin PBXVariantGroup section */
		FDC2DD66266B9968002F1FA3 /* Main.storyboard */ = {
			isa = PBXVariantGroup;
			children = (
				FDC2DD67266B9968002F1FA3 /* Base */,
			);
			name = Main.storyboard;
			sourceTree = "<group>";
		};
		FDC2DD6B266B9969002F1FA3 /* LaunchScreen.storyboard */ = {
			isa = PBXVariantGroup;
			children = (
				FDC2DD6C266B9969002F1FA3 /* Base */,
			);
			name = LaunchScreen.storyboard;
			sourceTree = "<group>";
		};
/* End PBXVariantGroup section */

/* Begin XCBuildConfiguration section */
		FDC2DD6F266B9969002F1FA3 /* Debug */ = {
			isa = XCBuildConfiguration;
			buildSettings = {
				ALWAYS_SEARCH_USER_PATHS = NO;
				CLANG_ANALYZER_NONNULL = YES;
				CLANG_ANALYZER_NUMBER_OBJECT_CONVERSION = YES_AGGRESSIVE;
				CLANG_CXX_LANGUAGE_STANDARD = "gnu++14";
				CLANG_CXX_LIBRARY = "libc++";
				CLANG_ENABLE_MODULES = YES;
				CLANG_ENABLE_OBJC_ARC = YES;
				CLANG_ENABLE_OBJC_WEAK = YES;
				CLANG_WARN_BLOCK_CAPTURE_AUTORELEASING = YES;
				CLANG_WARN_BOOL_CONVERSION = YES;
				CLANG_WARN_COMMA = YES;
				CLANG_WARN_CONSTANT_CONVERSION = YES;
				CLANG_WARN_DEPRECATED_OBJC_IMPLEMENTATIONS = YES;
				CLANG_WARN_DIRECT_OBJC_ISA_USAGE = YES_ERROR;
				CLANG_WARN_DOCUMENTATION_COMMENTS = YES;
				CLANG_WARN_EMPTY_BODY = YES;
				CLANG_WARN_ENUM_CONVERSION = YES;
				CLANG_WARN_INFINITE_RECURSION = YES;
				CLANG_WARN_INT_CONVERSION = YES;
				CLANG_WARN_NON_LITERAL_NULL_CONVERSION = YES;
				CLANG_WARN_OBJC_IMPLICIT_RETAIN_SELF = YES;
				CLANG_WARN_OBJC_LITERAL_CONVERSION = YES;
				CLANG_WARN_OBJC_ROOT_CLASS = YES_ERROR;
				CLANG_WARN_QUOTED_INCLUDE_IN_FRAMEWORK_HEADER = YES;
				CLANG_WARN_RANGE_LOOP_ANALYSIS = YES;
				CLANG_WARN_STRICT_PROTOTYPES = YES;
				CLANG_WARN_SUSPICIOUS_MOVE = YES;
				CLANG_WARN_UNGUARDED_AVAILABILITY = YES_AGGRESSIVE;
				CLANG_WARN_UNREACHABLE_CODE = YES;
				CLANG_WARN__DUPLICATE_METHOD_MATCH = YES;
				COPY_PHASE_STRIP = NO;
				DEBUG_INFORMATION_FORMAT = dwarf;
				ENABLE_STRICT_OBJC_MSGSEND = YES;
				ENABLE_TESTABILITY = YES;
				GCC_C_LANGUAGE_STANDARD = gnu11;
				GCC_DYNAMIC_NO_PIC = NO;
				GCC_NO_COMMON_BLOCKS = YES;
				GCC_OPTIMIZATION_LEVEL = 0;
				GCC_PREPROCESSOR_DEFINITIONS = (
					"DEBUG=1",
					"$(inherited)",
				);
				GCC_WARN_64_TO_32_BIT_CONVERSION = YES;
				GCC_WARN_ABOUT_RETURN_TYPE = YES_ERROR;
				GCC_WARN_UNDECLARED_SELECTOR = YES;
				GCC_WARN_UNINITIALIZED_AUTOS = YES_AGGRESSIVE;
				GCC_WARN_UNUSED_FUNCTION = YES;
				GCC_WARN_UNUSED_VARIABLE = YES;
				IPHONEOS_DEPLOYMENT_TARGET = 14.4;
				MTL_ENABLE_DEBUG_INFO = INCLUDE_SOURCE;
				MTL_FAST_MATH = YES;
				ONLY_ACTIVE_ARCH = YES;
				SDKROOT = iphoneos;
				SWIFT_ACTIVE_COMPILATION_CONDITIONS = DEBUG;
				SWIFT_OPTIMIZATION_LEVEL = "-Onone";
			};
			name = Debug;
		};
		FDC2DD70266B9969002F1FA3 /* Release */ = {
			isa = XCBuildConfiguration;
			buildSettings = {
				ALWAYS_SEARCH_USER_PATHS = NO;
				CLANG_ANALYZER_NONNULL = YES;
				CLANG_ANALYZER_NUMBER_OBJECT_CONVERSION = YES_AGGRESSIVE;
				CLANG_CXX_LANGUAGE_STANDARD = "gnu++14";
				CLANG_CXX_LIBRARY = "libc++";
				CLANG_ENABLE_MODULES = YES;
				CLANG_ENABLE_OBJC_ARC = YES;
				CLANG_ENABLE_OBJC_WEAK = YES;
				CLANG_WARN_BLOCK_CAPTURE_AUTORELEASING = YES;
				CLANG_WARN_BOOL_CONVERSION = YES;
				CLANG_WARN_COMMA = YES;
				CLANG_WARN_CONSTANT_CONVERSION = YES;
				CLANG_WARN_DEPRECATED_OBJC_IMPLEMENTATIONS = YES;
				CLANG_WARN_DIRECT_OBJC_ISA_USAGE = YES_ERROR;
				CLANG_WARN_DOCUMENTATION_COMMENTS = YES;
				CLANG_WARN_EMPTY_BODY = YES;
				CLANG_WARN_ENUM_CONVERSION = YES;
				CLANG_WARN_INFINITE_RECURSION = YES;
				CLANG_WARN_INT_CONVERSION = YES;
				CLANG_WARN_NON_LITERAL_NULL_CONVERSION = YES;
				CLANG_WARN_OBJC_IMPLICIT_RETAIN_SELF = YES;
				CLANG_WARN_OBJC_LITERAL_CONVERSION = YES;
				CLANG_WARN_OBJC_ROOT_CLASS = YES_ERROR;
				CLANG_WARN_QUOTED_INCLUDE_IN_FRAMEWORK_HEADER = YES;
				CLANG_WARN_RANGE_LOOP_ANALYSIS = YES;
				CLANG_WARN_STRICT_PROTOTYPES = YES;
				CLANG_WARN_SUSPICIOUS_MOVE = YES;
				CLANG_WARN_UNGUARDED_AVAILABILITY = YES_AGGRESSIVE;
				CLANG_WARN_UNREACHABLE_CODE = YES;
				CLANG_WARN__DUPLICATE_METHOD_MATCH = YES;
				COPY_PHASE_STRIP = NO;
				DEBUG_INFORMATION_FORMAT = "dwarf-with-dsym";
				ENABLE_NS_ASSERTIONS = NO;
				ENABLE_STRICT_OBJC_MSGSEND = YES;
				GCC_C_LANGUAGE_STANDARD = gnu11;
				GCC_NO_COMMON_BLOCKS = YES;
				GCC_WARN_64_TO_32_BIT_CONVERSION = YES;
				GCC_WARN_ABOUT_RETURN_TYPE = YES_ERROR;
				GCC_WARN_UNDECLARED_SELECTOR = YES;
				GCC_WARN_UNINITIALIZED_AUTOS = YES_AGGRESSIVE;
				GCC_WARN_UNUSED_FUNCTION = YES;
				GCC_WARN_UNUSED_VARIABLE = YES;
				IPHONEOS_DEPLOYMENT_TARGET = 14.4;
				MTL_ENABLE_DEBUG_INFO = NO;
				MTL_FAST_MATH = YES;
				SDKROOT = iphoneos;
				SWIFT_COMPILATION_MODE = wholemodule;
				SWIFT_OPTIMIZATION_LEVEL = "-O";
				VALIDATE_PRODUCT = YES;
			};
			name = Release;
		};
		FDC2DD72266B9969002F1FA3 /* Debug */ = {
			isa = XCBuildConfiguration;
			baseConfigurationReference = 164711F85E7E8C6C87DBAAFC /* Pods-PhoneBookApp.debug.xcconfig */;
			buildSettings = {
				ASSETCATALOG_COMPILER_APPICON_NAME = AppIcon;
				ASSETCATALOG_COMPILER_GLOBAL_ACCENT_COLOR_NAME = AccentColor;
				CODE_SIGN_STYLE = Automatic;
				DEVELOPMENT_TEAM = CB2FL454D9;
				INFOPLIST_FILE = PhoneBookApp/Info.plist;
				IPHONEOS_DEPLOYMENT_TARGET = 13.0;
				LD_RUNPATH_SEARCH_PATHS = (
					"$(inherited)",
					"@executable_path/Frameworks",
				);
				PRODUCT_BUNDLE_IDENTIFIER = com.tolgakucuk.PhoneBookApp;
				PRODUCT_NAME = "$(TARGET_NAME)";
				SWIFT_VERSION = 5.0;
				TARGETED_DEVICE_FAMILY = "1,2";
			};
			name = Debug;
		};
		FDC2DD73266B9969002F1FA3 /* Release */ = {
			isa = XCBuildConfiguration;
			baseConfigurationReference = B7D46675A5270D9AF0CD72E0 /* Pods-PhoneBookApp.release.xcconfig */;
			buildSettings = {
				ASSETCATALOG_COMPILER_APPICON_NAME = AppIcon;
				ASSETCATALOG_COMPILER_GLOBAL_ACCENT_COLOR_NAME = AccentColor;
				CODE_SIGN_STYLE = Automatic;
				DEVELOPMENT_TEAM = CB2FL454D9;
				INFOPLIST_FILE = PhoneBookApp/Info.plist;
				IPHONEOS_DEPLOYMENT_TARGET = 13.0;
				LD_RUNPATH_SEARCH_PATHS = (
					"$(inherited)",
					"@executable_path/Frameworks",
				);
				PRODUCT_BUNDLE_IDENTIFIER = com.tolgakucuk.PhoneBookApp;
				PRODUCT_NAME = "$(TARGET_NAME)";
				SWIFT_VERSION = 5.0;
				TARGETED_DEVICE_FAMILY = "1,2";
			};
			name = Release;
		};
/* End XCBuildConfiguration section */

/* Begin XCConfigurationList section */
		FDC2DD58266B9968002F1FA3 /* Build configuration list for PBXProject "PhoneBookApp" */ = {
			isa = XCConfigurationList;
			buildConfigurations = (
				FDC2DD6F266B9969002F1FA3 /* Debug */,
				FDC2DD70266B9969002F1FA3 /* Release */,
			);
			defaultConfigurationIsVisible = 0;
			defaultConfigurationName = Release;
		};
		FDC2DD71266B9969002F1FA3 /* Build configuration list for PBXNativeTarget "PhoneBookApp" */ = {
			isa = XCConfigurationList;
			buildConfigurations = (
				FDC2DD72266B9969002F1FA3 /* Debug */,
				FDC2DD73266B9969002F1FA3 /* Release */,
			);
			defaultConfigurationIsVisible = 0;
			defaultConfigurationName = Release;
		};
/* End XCConfigurationList section */
	};
	rootObject = FDC2DD55266B9968002F1FA3 /* Project object */;
}
